# This file was autogenerated by Stack.
# You should not edit this file by hand.
# For more information, please see the documentation at:
#   https://docs.haskellstack.org/en/stable/lock_files

packages:
- completed:
    hackage: numeric-limits-0.1.0.0@sha256:214bb53112bff315e42c0e9efa4a89e2cc2e9914e6232d923b596f29f9b1afe6,456
    pantry-tree:
      size: 168
      sha256: d3217caf46e2ada396d1fcebb7aa023513fa78ff7e517b7032def53dbc912634
  original:
    hackage: numeric-limits-0.1.0.0
snapshots:
- completed:
    size: 567679
    url: https://raw.githubusercontent.com/commercialhaskell/stackage-snapshots/master/lts/17/15.yaml
    sha256: 72e87841a0ab5b72f6f018e8ee692fd972b7bb32a944990f028e10d6eb528e63
  original:
    url: https://raw.githubusercontent.com/commercialhaskell/stackage-snapshots/master/lts/17/15.yaml
